{
    "_readme": [
        "This file locks the dependencies of your project to a known state",
        "Read more about it at https://getcomposer.org/doc/01-basic-usage.md#installing-dependencies",
        "This file is @generated automatically"
    ],
    "content-hash": "f6b18713024de5a47f9b0c28db84c46e",
    "packages": [
        {
            "name": "ifsnop/mysqldump-php",
            "version": "v2.9",
            "source": {
                "type": "git",
                "url": "https://github.com/ifsnop/mysqldump-php.git",
                "reference": "fc9c119fe5d70af9a685cad6a8ac612fd7589e25"
            },
            "dist": {
                "type": "zip",
                "url": "https://api.github.com/repos/ifsnop/mysqldump-php/zipball/fc9c119fe5d70af9a685cad6a8ac612fd7589e25",
                "reference": "fc9c119fe5d70af9a685cad6a8ac612fd7589e25",
                "shasum": ""
            },
            "require": {
                "php": ">=5.3.0"
            },
            "require-dev": {
                "phpunit/phpunit": "4.8.36",
                "squizlabs/php_codesniffer": "1.*"
            },
            "type": "library",
            "autoload": {
                "psr-4": {
                    "Ifsnop\\": "src/Ifsnop/"
                }
            },
            "notification-url": "https://packagist.org/downloads/",
            "license": [
                "GPL-3.0-or-later"
            ],
            "authors": [
                {
                    "name": "Diego Torres",
                    "homepage": "https://github.com/ifsnop",
                    "role": "Developer"
                }
            ],
            "description": "PHP version of mysqldump cli that comes with MySQL",
            "homepage": "https://github.com/ifsnop/mysqldump-php",
            "keywords": [
                "PHP7",
                "database",
                "hhvm",
                "mariadb",
                "mysql",
                "mysql-backup",
                "mysqldump",
                "pdo",
                "php",
                "php5",
                "sql"
            ],
            "support": {
                "issues": "https://github.com/ifsnop/mysqldump-php/issues",
                "source": "https://github.com/ifsnop/mysqldump-php/tree/master"
            },
            "time": "2020-04-03T14:40:40+00:00"
        },
        {
            "name": "tecnickcom/tcpdf",
            "version": "6.7.5",
            "source": {
                "type": "git",
                "url": "https://github.com/tecnickcom/TCPDF.git",
                "reference": "951eabf0338ec2522bd0d5d9c79b08a3a3d36b36"
            },
            "dist": {
                "type": "zip",
                "url": "https://api.github.com/repos/tecnickcom/TCPDF/zipball/951eabf0338ec2522bd0d5d9c79b08a3a3d36b36",
                "reference": "951eabf0338ec2522bd0d5d9c79b08a3a3d36b36",
                "shasum": ""
            },
            "require": {
                "php": ">=5.5.0"
            },
            "type": "library",
            "autoload": {
                "classmap": [
                    "config",
                    "include",
                    "tcpdf.php",
                    "tcpdf_parser.php",
                    "tcpdf_import.php",
                    "tcpdf_barcodes_1d.php",
                    "tcpdf_barcodes_2d.php",
                    "include/tcpdf_colors.php",
                    "include/tcpdf_filters.php",
                    "include/tcpdf_font_data.php",
                    "include/tcpdf_fonts.php",
                    "include/tcpdf_images.php",
                    "include/tcpdf_static.php",
                    "include/barcodes/datamatrix.php",
                    "include/barcodes/pdf417.php",
                    "include/barcodes/qrcode.php"
                ]
            },
            "notification-url": "https://packagist.org/downloads/",
            "license": [
                "LGPL-3.0-or-later"
            ],
            "authors": [
                {
                    "name": "Nicola Asuni",
                    "email": "info@tecnick.com",
                    "role": "lead"
                }
            ],
            "description": "TCPDF is a PHP class for generating PDF documents and barcodes.",
            "homepage": "http://www.tcpdf.org/",
            "keywords": [
                "PDFD32000-2008",
                "TCPDF",
                "barcodes",
                "datamatrix",
                "pdf",
                "pdf417",
                "qrcode"
            ],
            "support": {
                "issues": "https://github.com/tecnickcom/TCPDF/issues",
                "source": "https://github.com/tecnickcom/TCPDF/tree/6.7.5"
            },
            "funding": [
                {
                    "url": "https://www.paypal.com/cgi-bin/webscr?cmd=_donations&currency_code=GBP&business=paypal@tecnick.com&item_name=donation%20for%20tcpdf%20project",
                    "type": "custom"
                }
            ],
            "time": "2024-04-20T17:25:10+00:00"
        }
    ],
    "packages-dev": [],
    "aliases": [],
    "minimum-stability": "stable",
    "stability-flags": [],
    "prefer-stable": false,
    "prefer-lowest": false,
    "platform": [],
    "platform-dev": [],
    "plugin-api-version": "2.6.0"
}
